// !$*UTF8*$!
{
	archiveVersion = 1;
	classes = {
	};
	objectVersion = 55;
	objects = {

/* Begin PBXBuildFile section */
		F5198856289BDD94007CF74C /* AppDelegate.swift in Sources */ = {isa = PBXBuildFile; fileRef = F5198855289BDD94007CF74C /* AppDelegate.swift */; };
		F5198858289BDD94007CF74C /* SceneDelegate.swift in Sources */ = {isa = PBXBuildFile; fileRef = F5198857289BDD94007CF74C /* SceneDelegate.swift */; };
		F519885A289BDD94007CF74C /* ViewController.swift in Sources */ = {isa = PBXBuildFile; fileRef = F5198859289BDD94007CF74C /* ViewController.swift */; };
		F519885F289BDD94007CF74C /* Assets.xcassets in Resources */ = {isa = PBXBuildFile; fileRef = F519885E289BDD94007CF74C /* Assets.xcassets */; };
		F5198862289BDD94007CF74C /* LaunchScreen.storyboard in Resources */ = {isa = PBXBuildFile; fileRef = F5198860289BDD94007CF74C /* LaunchScreen.storyboard */; };
		F5361299289E845400AF0A25 /* UIColor.swift in Sources */ = {isa = PBXBuildFile; fileRef = F5361298289E845400AF0A25 /* UIColor.swift */; };
		F54BD42428A0FD8700B2A3DA /* VC.swift in Sources */ = {isa = PBXBuildFile; fileRef = F54BD42328A0FD8700B2A3DA /* VC.swift */; };
		F54BD42A28A10E4D00B2A3DA /* DatePickerData.swift in Sources */ = {isa = PBXBuildFile; fileRef = F54BD42928A10E4D00B2A3DA /* DatePickerData.swift */; };
		F5864FCB28AE49A700061961 /* Int.swift in Sources */ = {isa = PBXBuildFile; fileRef = F5864FCA28AE49A700061961 /* Int.swift */; };
/* End PBXBuildFile section */

/* Begin PBXFileReference section */
		F5198852289BDD94007CF74C /* WaterDrop.app */ = {isa = PBXFileReference; explicitFileType = wrapper.application; includeInIndex = 0; path = WaterDrop.app; sourceTree = BUILT_PRODUCTS_DIR; };
		F5198855289BDD94007CF74C /* AppDelegate.swift */ = {isa = PBXFileReference; lastKnownFileType = sourcecode.swift; path = AppDelegate.swift; sourceTree = "<group>"; };
		F5198857289BDD94007CF74C /* SceneDelegate.swift */ = {isa = PBXFileReference; lastKnownFileType = sourcecode.swift; path = SceneDelegate.swift; sourceTree = "<group>"; };
		F5198859289BDD94007CF74C /* ViewController.swift */ = {isa = PBXFileReference; lastKnownFileType = sourcecode.swift; path = ViewController.swift; sourceTree = "<group>"; };
		F519885E289BDD94007CF74C /* Assets.xcassets */ = {isa = PBXFileReference; lastKnownFileType = folder.assetcatalog; path = Assets.xcassets; sourceTree = "<group>"; };
		F5198861289BDD94007CF74C /* Base */ = {isa = PBXFileReference; lastKnownFileType = file.storyboard; name = Base; path = Base.lproj/LaunchScreen.storyboard; sourceTree = "<group>"; };
		F5198863289BDD94007CF74C /* Info.plist */ = {isa = PBXFileReference; lastKnownFileType = text.plist.xml; path = Info.plist; sourceTree = "<group>"; };
		F5361298289E845400AF0A25 /* UIColor.swift */ = {isa = PBXFileReference; lastKnownFileType = sourcecode.swift; path = UIColor.swift; sourceTree = "<group>"; };
		F54BD42328A0FD8700B2A3DA /* VC.swift */ = {isa = PBXFileReference; lastKnownFileType = sourcecode.swift; path = VC.swift; sourceTree = "<group>"; };
		F54BD42928A10E4D00B2A3DA /* DatePickerData.swift */ = {isa = PBXFileReference; lastKnownFileType = sourcecode.swift; path = DatePickerData.swift; sourceTree = "<group>"; };
		F5864FCA28AE49A700061961 /* Int.swift */ = {isa = PBXFileReference; lastKnownFileType = sourcecode.swift; path = Int.swift; sourceTree = "<group>"; };
/* End PBXFileReference section */

/* Begin PBXFrameworksBuildPhase section */
		F519884F289BDD94007CF74C /* Frameworks */ = {
			isa = PBXFrameworksBuildPhase;
			buildActionMask = 2147483647;
			files = (
			);
			runOnlyForDeploymentPostprocessing = 0;
		};
/* End PBXFrameworksBuildPhase section */

/* Begin PBXGroup section */
		F5198849289BDD94007CF74C = {
			isa = PBXGroup;
			children = (
				F5198854289BDD94007CF74C /* WaterDrop */,
				F5198853289BDD94007CF74C /* Products */,
			);
			sourceTree = "<group>";
		};
		F5198853289BDD94007CF74C /* Products */ = {
			isa = PBXGroup;
			children = (
				F5198852289BDD94007CF74C /* WaterDrop.app */,
			);
			name = Products;
			sourceTree = "<group>";
		};
		F5198854289BDD94007CF74C /* WaterDrop */ = {
			isa = PBXGroup;
			children = (
				F54BD42628A10D7700B2A3DA /* Model */,
				F54BD42528A0FE5100B2A3DA /* View */,
				F54BD42728A10D7F00B2A3DA /* Controller */,
				F536129A289E845700AF0A25 /* Extensions */,
				F54BD42828A10D9A00B2A3DA /* Others */,
				F5198863289BDD94007CF74C /* Info.plist */,
			);
			path = WaterDrop;
			sourceTree = "<group>";
		};
		F536129A289E845700AF0A25 /* Extensions */ = {
			isa = PBXGroup;
			children = (
				F5361298289E845400AF0A25 /* UIColor.swift */,
				F5864FCA28AE49A700061961 /* Int.swift */,
			);
			path = Extensions;
			sourceTree = "<group>";
		};
		F54BD42528A0FE5100B2A3DA /* View */ = {
			isa = PBXGroup;
			children = (
				F5198860289BDD94007CF74C /* LaunchScreen.storyboard */,
				F54BD42328A0FD8700B2A3DA /* VC.swift */,
			);
			path = View;
			sourceTree = "<group>";
		};
		F54BD42628A10D7700B2A3DA /* Model */ = {
			isa = PBXGroup;
			children = (
				F54BD42928A10E4D00B2A3DA /* DatePickerData.swift */,
			);
			path = Model;
			sourceTree = "<group>";
		};
		F54BD42728A10D7F00B2A3DA /* Controller */ = {
			isa = PBXGroup;
			children = (
				F5198859289BDD94007CF74C /* ViewController.swift */,
			);
			path = Controller;
			sourceTree = "<group>";
		};
		F54BD42828A10D9A00B2A3DA /* Others */ = {
			isa = PBXGroup;
			children = (
				F519885E289BDD94007CF74C /* Assets.xcassets */,
				F5198855289BDD94007CF74C /* AppDelegate.swift */,
				F5198857289BDD94007CF74C /* SceneDelegate.swift */,
			);
			path = Others;
			sourceTree = "<group>";
		};
/* End PBXGroup section */

/* Begin PBXNativeTarget section */
		F5198851289BDD94007CF74C /* WaterDrop */ = {
			isa = PBXNativeTarget;
			buildConfigurationList = F5198866289BDD94007CF74C /* Build configuration list for PBXNativeTarget "WaterDrop" */;
			buildPhases = (
				F519884E289BDD94007CF74C /* Sources */,
				F519884F289BDD94007CF74C /* Frameworks */,
				F5198850289BDD94007CF74C /* Resources */,
			);
			buildRules = (
			);
			dependencies = (
			);
			name = WaterDrop;
			productName = WaterDrop;
			productReference = F5198852289BDD94007CF74C /* WaterDrop.app */;
			productType = "com.apple.product-type.application";
		};
/* End PBXNativeTarget section */

/* Begin PBXProject section */
		F519884A289BDD94007CF74C /* Project object */ = {
			isa = PBXProject;
			attributes = {
				BuildIndependentTargetsInParallel = 1;
				LastSwiftUpdateCheck = 1340;
				LastUpgradeCheck = 1340;
				TargetAttributes = {
					F5198851289BDD94007CF74C = {
						CreatedOnToolsVersion = 13.4.1;
					};
				};
			};
			buildConfigurationList = F519884D289BDD94007CF74C /* Build configuration list for PBXProject "WaterDrop" */;
			compatibilityVersion = "Xcode 13.0";
			developmentRegion = en;
			hasScannedForEncodings = 0;
			knownRegions = (
				en,
				Base,
			);
			mainGroup = F5198849289BDD94007CF74C;
			productRefGroup = F5198853289BDD94007CF74C /* Products */;
			projectDirPath = "";
			projectRoot = "";
			targets = (
				F5198851289BDD94007CF74C /* WaterDrop */,
			);
		};
/* End PBXProject section */

/* Begin PBXResourcesBuildPhase section */
		F5198850289BDD94007CF74C /* Resources */ = {
			isa = PBXResourcesBuildPhase;
			buildActionMask = 2147483647;
			files = (
				F5198862289BDD94007CF74C /* LaunchScreen.storyboard in Resources */,
				F519885F289BDD94007CF74C /* Assets.xcassets in Resources */,
			);
			runOnlyForDeploymentPostprocessing = 0;
		};
/* End PBXResourcesBuildPhase section */

/* Begin PBXSourcesBuildPhase section */
		F519884E289BDD94007CF74C /* Sources */ = {
			isa = PBXSourcesBuildPhase;
			buildActionMask = 2147483647;
			files = (
				F54BD42428A0FD8700B2A3DA /* VC.swift in Sources */,
				F519885A289BDD94007CF74C /* ViewController.swift in Sources */,
				F5864FCB28AE49A700061961 /* Int.swift in Sources */,
				F5361299289E845400AF0A25 /* UIColor.swift in Sources */,
				F54BD42A28A10E4D00B2A3DA /* DatePickerData.swift in Sources */,
				F5198856289BDD94007CF74C /* AppDelegate.swift in Sources */,
				F5198858289BDD94007CF74C /* SceneDelegate.swift in Sources */,
			);
			runOnlyForDeploymentPostprocessing = 0;
		};
/* End PBXSourcesBuildPhase section */

/* Begin PBXVariantGroup section */
		F5198860289BDD94007CF74C /* LaunchScreen.storyboard */ = {
			isa = PBXVariantGroup;
			children = (
				F5198861289BDD94007CF74C /* Base */,
			);
			name = LaunchScreen.storyboard;
			sourceTree = "<group>";
		};
/* End PBXVariantGroup section */

/* Begin XCBuildConfiguration section */
		F5198864289BDD94007CF74C /* Debug */ = {
			isa = XCBuildConfiguration;
			buildSettings = {
				ALWAYS_SEARCH_USER_PATHS = NO;
				CLANG_ANALYZER_NONNULL = YES;
				CLANG_ANALYZER_NUMBER_OBJECT_CONVERSION = YES_AGGRESSIVE;
				CLANG_CXX_LANGUAGE_STANDARD = "gnu++17";
				CLANG_ENABLE_MODULES = YES;
				CLANG_ENABLE_OBJC_ARC = YES;
				CLANG_ENABLE_OBJC_WEAK = YES;
				CLANG_WARN_BLOCK_CAPTURE_AUTORELEASING = YES;
				CLANG_WARN_BOOL_CONVERSION = YES;
				CLANG_WARN_COMMA = YES;
				CLANG_WARN_CONSTANT_CONVERSION = YES;
				CLANG_WARN_DEPRECATED_OBJC_IMPLEMENTATIONS = YES;
				CLANG_WARN_DIRECT_OBJC_ISA_USAGE = YES_ERROR;
				CLANG_WARN_DOCUMENTATION_COMMENTS = YES;
				CLANG_WARN_EMPTY_BODY = YES;
				CLANG_WARN_ENUM_CONVERSION = YES;
				CLANG_WARN_INFINITE_RECURSION = YES;
				CLANG_WARN_INT_CONVERSION = YES;
				CLANG_WARN_NON_LITERAL_NULL_CONVERSION = YES;
				CLANG_WARN_OBJC_IMPLICIT_RETAIN_SELF = YES;
				CLANG_WARN_OBJC_LITERAL_CONVERSION = YES;
				CLANG_WARN_OBJC_ROOT_CLASS = YES_ERROR;
				CLANG_WARN_QUOTED_INCLUDE_IN_FRAMEWORK_HEADER = YES;
				CLANG_WARN_RANGE_LOOP_ANALYSIS = YES;
				CLANG_WARN_STRICT_PROTOTYPES = YES;
				CLANG_WARN_SUSPICIOUS_MOVE = YES;
				CLANG_WARN_UNGUARDED_AVAILABILITY = YES_AGGRESSIVE;
				CLANG_WARN_UNREACHABLE_CODE = YES;
				CLANG_WARN__DUPLICATE_METHOD_MATCH = YES;
				COPY_PHASE_STRIP = NO;
				DEBUG_INFORMATION_FORMAT = dwarf;
				ENABLE_STRICT_OBJC_MSGSEND = YES;
				ENABLE_TESTABILITY = YES;
				GCC_C_LANGUAGE_STANDARD = gnu11;
				GCC_DYNAMIC_NO_PIC = NO;
				GCC_NO_COMMON_BLOCKS = YES;
				GCC_OPTIMIZATION_LEVEL = 0;
				GCC_PREPROCESSOR_DEFINITIONS = (
					"DEBUG=1",
					"$(inherited)",
				);
				GCC_WARN_64_TO_32_BIT_CONVERSION = YES;
				GCC_WARN_ABOUT_RETURN_TYPE = YES_ERROR;
				GCC_WARN_UNDECLARED_SELECTOR = YES;
				GCC_WARN_UNINITIALIZED_AUTOS = YES_AGGRESSIVE;
				GCC_WARN_UNUSED_FUNCTION = YES;
				GCC_WARN_UNUSED_VARIABLE = YES;
				IPHONEOS_DEPLOYMENT_TARGET = 15.5;
				MTL_ENABLE_DEBUG_INFO = INCLUDE_SOURCE;
				MTL_FAST_MATH = YES;
				ONLY_ACTIVE_ARCH = YES;
				SDKROOT = iphoneos;
				SWIFT_ACTIVE_COMPILATION_CONDITIONS = DEBUG;
				SWIFT_OPTIMIZATION_LEVEL = "-Onone";
			};
			name = Debug;
		};
		F5198865289BDD94007CF74C /* Release */ = {
			isa = XCBuildConfiguration;
			buildSettings = {
				ALWAYS_SEARCH_USER_PATHS = NO;
				CLANG_ANALYZER_NONNULL = YES;
				CLANG_ANALYZER_NUMBER_OBJECT_CONVERSION = YES_AGGRESSIVE;
				CLANG_CXX_LANGUAGE_STANDARD = "gnu++17";
				CLANG_ENABLE_MODULES = YES;
				CLANG_ENABLE_OBJC_ARC = YES;
				CLANG_ENABLE_OBJC_WEAK = YES;
				CLANG_WARN_BLOCK_CAPTURE_AUTORELEASING = YES;
				CLANG_WARN_BOOL_CONVERSION = YES;
				CLANG_WARN_COMMA = YES;
				CLANG_WARN_CONSTANT_CONVERSION = YES;
				CLANG_WARN_DEPRECATED_OBJC_IMPLEMENTATIONS = YES;
				CLANG_WARN_DIRECT_OBJC_ISA_USAGE = YES_ERROR;
				CLANG_WARN_DOCUMENTATION_COMMENTS = YES;
				CLANG_WARN_EMPTY_BODY = YES;
				CLANG_WARN_ENUM_CONVERSION = YES;
				CLANG_WARN_INFINITE_RECURSION = YES;
				CLANG_WARN_INT_CONVERSION = YES;
				CLANG_WARN_NON_LITERAL_NULL_CONVERSION = YES;
				CLANG_WARN_OBJC_IMPLICIT_RETAIN_SELF = YES;
				CLANG_WARN_OBJC_LITERAL_CONVERSION = YES;
				CLANG_WARN_OBJC_ROOT_CLASS = YES_ERROR;
				CLANG_WARN_QUOTED_INCLUDE_IN_FRAMEWORK_HEADER = YES;
				CLANG_WARN_RANGE_LOOP_ANALYSIS = YES;
				CLANG_WARN_STRICT_PROTOTYPES = YES;
				CLANG_WARN_SUSPICIOUS_MOVE = YES;
				CLANG_WARN_UNGUARDED_AVAILABILITY = YES_AGGRESSIVE;
				CLANG_WARN_UNREACHABLE_CODE = YES;
				CLANG_WARN__DUPLICATE_METHOD_MATCH = YES;
				COPY_PHASE_STRIP = NO;
				DEBUG_INFORMATION_FORMAT = "dwarf-with-dsym";
				ENABLE_NS_ASSERTIONS = NO;
				ENABLE_STRICT_OBJC_MSGSEND = YES;
				GCC_C_LANGUAGE_STANDARD = gnu11;
				GCC_NO_COMMON_BLOCKS = YES;
				GCC_WARN_64_TO_32_BIT_CONVERSION = YES;
				GCC_WARN_ABOUT_RETURN_TYPE = YES_ERROR;
				GCC_WARN_UNDECLARED_SELECTOR = YES;
				GCC_WARN_UNINITIALIZED_AUTOS = YES_AGGRESSIVE;
				GCC_WARN_UNUSED_FUNCTION = YES;
				GCC_WARN_UNUSED_VARIABLE = YES;
				IPHONEOS_DEPLOYMENT_TARGET = 15.5;
				MTL_ENABLE_DEBUG_INFO = NO;
				MTL_FAST_MATH = YES;
				SDKROOT = iphoneos;
				SWIFT_COMPILATION_MODE = wholemodule;
				SWIFT_OPTIMIZATION_LEVEL = "-O";
				VALIDATE_PRODUCT = YES;
			};
			name = Release;
		};
		F5198867289BDD94007CF74C /* Debug */ = {
			isa = XCBuildConfiguration;
			buildSettings = {
				ASSETCATALOG_COMPILER_APPICON_NAME = AppIcon;
				ASSETCATALOG_COMPILER_GLOBAL_ACCENT_COLOR_NAME = AccentColor;
				CODE_SIGN_STYLE = Automatic;
				CURRENT_PROJECT_VERSION = 1;
				DEVELOPMENT_TEAM = X7G8P2YRKM;
				GENERATE_INFOPLIST_FILE = YES;
				INFOPLIST_FILE = WaterDrop/Info.plist;
				INFOPLIST_KEY_UIApplicationSupportsIndirectInputEvents = YES;
				INFOPLIST_KEY_UILaunchStoryboardName = LaunchScreen;
				INFOPLIST_KEY_UISupportedInterfaceOrientations_iPad = UIInterfaceOrientationPortrait;
				INFOPLIST_KEY_UISupportedInterfaceOrientations_iPhone = UIInterfaceOrientationPortrait;
				LD_RUNPATH_SEARCH_PATHS = (
					"$(inherited)",
					"@executable_path/Frameworks",
				);
				MARKETING_VERSION = 1.0;
				PRODUCT_BUNDLE_IDENTIFIER = rrudziutki.WaterDrop;
				PRODUCT_NAME = "$(TARGET_NAME)";
				SWIFT_EMIT_LOC_STRINGS = YES;
				SWIFT_VERSION = 5.0;
				TARGETED_DEVICE_FAMILY = "1,2";
			};
			name = Debug;
		};
		F5198868289BDD94007CF74C /* Release */ = {
			isa = XCBuildConfiguration;
			buildSettings = {
				ASSETCATALOG_COMPILER_APPICON_NAME = AppIcon;
				ASSETCATALOG_COMPILER_GLOBAL_ACCENT_COLOR_NAME = AccentColor;
				CODE_SIGN_STYLE = Automatic;
				CURRENT_PROJECT_VERSION = 1;
				DEVELOPMENT_TEAM = X7G8P2YRKM;
				GENERATE_INFOPLIST_FILE = YES;
				INFOPLIST_FILE = WaterDrop/Info.plist;
				INFOPLIST_KEY_UIApplicationSupportsIndirectInputEvents = YES;
				INFOPLIST_KEY_UILaunchStoryboardName = LaunchScreen;
				INFOPLIST_KEY_UISupportedInterfaceOrientations_iPad = UIInterfaceOrientationPortrait;
				INFOPLIST_KEY_UISupportedInterfaceOrientations_iPhone = UIInterfaceOrientationPortrait;
				LD_RUNPATH_SEARCH_PATHS = (
					"$(inherited)",
					"@executable_path/Frameworks",
				);
				MARKETING_VERSION = 1.0;
				PRODUCT_BUNDLE_IDENTIFIER = rrudziutki.WaterDrop;
				PRODUCT_NAME = "$(TARGET_NAME)";
				SWIFT_EMIT_LOC_STRINGS = YES;
				SWIFT_VERSION = 5.0;
				TARGETED_DEVICE_FAMILY = "1,2";
			};
			name = Release;
		};
/* End XCBuildConfiguration section */

/* Begin XCConfigurationList section */
		F519884D289BDD94007CF74C /* Build configuration list for PBXProject "WaterDrop" */ = {
			isa = XCConfigurationList;
			buildConfigurations = (
				F5198864289BDD94007CF74C /* Debug */,
				F5198865289BDD94007CF74C /* Release */,
			);
			defaultConfigurationIsVisible = 0;
			defaultConfigurationName = Release;
		};
		F5198866289BDD94007CF74C /* Build configuration list for PBXNativeTarget "WaterDrop" */ = {
			isa = XCConfigurationList;
			buildConfigurations = (
				F5198867289BDD94007CF74C /* Debug */,
				F5198868289BDD94007CF74C /* Release */,
			);
			defaultConfigurationIsVisible = 0;
			defaultConfigurationName = Release;
		};
/* End XCConfigurationList section */
	};
	rootObject = F519884A289BDD94007CF74C /* Project object */;
}
